schema: '2.0'
stages:
  data_ingestion:
    cmd: python -m src.data.data_ingestion
    deps:
    - path: src/data/data_ingestion.py
      hash: md5
      md5: 59b856ad2413a40c13ad13fa8cfb0e95
      size: 6364
    params:
      params.yaml:
        data.dataset_name: 
          birdy654/cifake-real-and-ai-generated-synthetic-images
        data.raw_dir: data/raw
    outs:
    - path: data/raw
      hash: md5
      md5: 368eb180912a1a0a8a728661e983a66a.dir
      size: 110717853
      nfiles: 120000
  data_preprocessing:
    cmd: python -m src.data.data_preprocessing
    deps:
    - path: data/raw
      hash: md5
      md5: 368eb180912a1a0a8a728661e983a66a.dir
      size: 110717853
      nfiles: 120000
    - path: src/data/data_preprocessing.py
      hash: md5
      md5: 0262ab179cd4964380da4bcc96ccfc90
      size: 8958
    params:
      params.yaml:
        preprocessing.image_size: 128
        preprocessing.random_state: 42
        preprocessing.sample_size: 8000
        preprocessing.validation_split: 0.2
    outs:
    - path: data/processed
      hash: md5
      md5: 94abf69966ae4054c43a5843eea23d6e.dir
      size: 3145856768
      nfiles: 6
  feature_engineering:
    cmd: python -m src.features.feature_engineering
    deps:
    - path: data/processed
      hash: md5
      md5: 94abf69966ae4054c43a5843eea23d6e.dir
      size: 3145856768
      nfiles: 6
    - path: src/features/feature_engineering.py
      hash: md5
      md5: 3eb7503fc78247e103bd756e46244041
      size: 12769
    params:
      params.yaml:
        augmentation:
          rotation_range: 20
          width_shift_range: 0.2
          height_shift_range: 0.2
          horizontal_flip: true
          vertical_flip: false
          zoom_range: 0.2
          fill_mode: nearest
    outs:
    - path: data/features
      hash: md5
      md5: 2b1348f24d45abee64f8fc1513323805.dir
      size: 556
      nfiles: 3
  model_building:
    cmd: python -m src.model.model_building
    deps:
    - path: data/processed
      hash: md5
      md5: 94abf69966ae4054c43a5843eea23d6e.dir
      size: 3145856768
      nfiles: 6
    - path: src/model/model_building.py
      hash: md5
      md5: 7a65dd7057abfe6514225cd6326d9c1b
      size: 12260
    params:
      params.yaml:
        model.architecture: DeeperCNN
        model.input_shape:
        - 128
        - 128
        - 3
        training:
          epochs: 20
          batch_size: 32
          learning_rate: 0.001
          early_stopping_patience: 5
    outs:
    - path: models
      hash: md5
      md5: 218bd6dae39d70c25655ee395d45deb0.dir
      size: 561424161
      nfiles: 8
  model_evaluation:
    cmd: python -m src.model.model_evaluation
    deps:
    - path: data/processed
      hash: md5
      md5: 94abf69966ae4054c43a5843eea23d6e.dir
      size: 3145856768
      nfiles: 6
    - path: models
      hash: md5
      md5: 218bd6dae39d70c25655ee395d45deb0.dir
      size: 561424161
      nfiles: 8
    - path: src/model/model_evaluation.py
      hash: md5
      md5: 0da0544b67312804b36352aee08afcfb
      size: 14393
    outs:
    - path: reports/experiment_info.json
      hash: md5
      md5: c42ab9192c5c0a33381711192937bcca
      size: 492
    - path: reports/figures
      hash: md5
      md5: 49168288682f3a0c8833e9a7499fc6ac.dir
      size: 673025
      nfiles: 12
    - path: reports/metrics.json
      hash: md5
      md5: 604218a7a539a5c998f9358ee9b864b9
      size: 152
  model_registration:
    cmd: python -m src.model.register_model
    deps:
    - path: models
      hash: md5
      md5: 218bd6dae39d70c25655ee395d45deb0.dir
      size: 561424161
      nfiles: 8
    - path: reports/experiment_info.json
      hash: md5
      md5: c42ab9192c5c0a33381711192937bcca
      size: 492
    - path: src/model/register_model.py
      hash: md5
      md5: c0b8e4fd31cbcab9bd4ec1078a57ae36
      size: 14866
    params:
      params.yaml:
        mlflow:
          dagshub_username: pythonharsh1234
          dagshub_repo: DeepGuard-MLOps-Pipeline
          experiment_name: DeepGuard-Model-Training
          registered_model_name: DeepGuard-Classifier
